// !$*UTF8*$!
{
	archiveVersion = 1;
	classes = {
	};
	objectVersion = 50;
	objects = {

/* Begin PBXBuildFile section */
		2CF6A5A58C22CFF58E679903 /* Pods_Around_MeTests.framework in Frameworks */ = {isa = PBXBuildFile; fileRef = 2622EC7AA881ADB45B357F62 /* Pods_Around_MeTests.framework */; };
		3D06444721B306580088AB2C /* APIPlaces.swift in Sources */ = {isa = PBXBuildFile; fileRef = 3D06444621B306580088AB2C /* APIPlaces.swift */; };
		3D079D8D21BD201300330B2B /* MainInterfaces.swift in Sources */ = {isa = PBXBuildFile; fileRef = 3D079D8C21BD201300330B2B /* MainInterfaces.swift */; };
		3D079D8F21BD6DA000330B2B /* PlacesListInterfaces.swift in Sources */ = {isa = PBXBuildFile; fileRef = 3D079D8E21BD6DA000330B2B /* PlacesListInterfaces.swift */; };
		3D079D9121BD6DAD00330B2B /* PlacesListPresenter.swift in Sources */ = {isa = PBXBuildFile; fileRef = 3D079D9021BD6DAD00330B2B /* PlacesListPresenter.swift */; };
		3D079D9321BD6DB600330B2B /* PlacesListInteractor.swift in Sources */ = {isa = PBXBuildFile; fileRef = 3D079D9221BD6DB600330B2B /* PlacesListInteractor.swift */; };
		3D079D9521BD6DBF00330B2B /* PlacesListRouter.swift in Sources */ = {isa = PBXBuildFile; fileRef = 3D079D9421BD6DBF00330B2B /* PlacesListRouter.swift */; };
		3D079D9721BD730100330B2B /* FavouritesListInterfaces.swift in Sources */ = {isa = PBXBuildFile; fileRef = 3D079D9621BD730100330B2B /* FavouritesListInterfaces.swift */; };
		3D079D9921BD730E00330B2B /* FavouritesListInteractor.swift in Sources */ = {isa = PBXBuildFile; fileRef = 3D079D9821BD730E00330B2B /* FavouritesListInteractor.swift */; };
		3D079D9B21BD731800330B2B /* FavouritesListRouter.swift in Sources */ = {isa = PBXBuildFile; fileRef = 3D079D9A21BD731800330B2B /* FavouritesListRouter.swift */; };
		3D079D9D21BD734C00330B2B /* FavouritesListPresenter.swift in Sources */ = {isa = PBXBuildFile; fileRef = 3D079D9C21BD734C00330B2B /* FavouritesListPresenter.swift */; };
		3D079D9F21BD736400330B2B /* SettingsInterfaces.swift in Sources */ = {isa = PBXBuildFile; fileRef = 3D079D9E21BD736400330B2B /* SettingsInterfaces.swift */; };
		3D079DA121BD737700330B2B /* SettingsInteractor.swift in Sources */ = {isa = PBXBuildFile; fileRef = 3D079DA021BD737700330B2B /* SettingsInteractor.swift */; };
		3D079DA321BD737E00330B2B /* SettingsPresenter.swift in Sources */ = {isa = PBXBuildFile; fileRef = 3D079DA221BD737E00330B2B /* SettingsPresenter.swift */; };
		3D079DA521BD738600330B2B /* SettingsRouter.swift in Sources */ = {isa = PBXBuildFile; fileRef = 3D079DA421BD738600330B2B /* SettingsRouter.swift */; };
		3D079DA721BD874F00330B2B /* HUDManager.swift in Sources */ = {isa = PBXBuildFile; fileRef = 3D079DA621BD874F00330B2B /* HUDManager.swift */; };
		3D10FA8721D00B1300227126 /* SettingTableViewCell.swift in Sources */ = {isa = PBXBuildFile; fileRef = 3D10FA8521D00B1300227126 /* SettingTableViewCell.swift */; };
		3D10FA8821D00B1300227126 /* SettingTableViewCell.xib in Resources */ = {isa = PBXBuildFile; fileRef = 3D10FA8621D00B1300227126 /* SettingTableViewCell.xib */; };
		3D10FA8B21D00B4A00227126 /* SettingSectionView.swift in Sources */ = {isa = PBXBuildFile; fileRef = 3D10FA8921D00B4A00227126 /* SettingSectionView.swift */; };
		3D1681AE21BC00FE007ABC72 /* Assets.xcassets in Resources */ = {isa = PBXBuildFile; fileRef = 3D1681AD21BC00FE007ABC72 /* Assets.xcassets */; };
		3D1681B221BC23ED007ABC72 /* LocalizeManager.swift in Sources */ = {isa = PBXBuildFile; fileRef = 3D1681B121BC23ED007ABC72 /* LocalizeManager.swift */; };
		3D1681BD21BC39DF007ABC72 /* MainBuilder.swift in Sources */ = {isa = PBXBuildFile; fileRef = 3D1681BC21BC39DF007ABC72 /* MainBuilder.swift */; };
		3D1681BF21BC4569007ABC72 /* TabBarBuilder.swift in Sources */ = {isa = PBXBuildFile; fileRef = 3D1681BE21BC4569007ABC72 /* TabBarBuilder.swift */; };
		3D1681C121BC457C007ABC72 /* PlacesListBuilder.swift in Sources */ = {isa = PBXBuildFile; fileRef = 3D1681C021BC457C007ABC72 /* PlacesListBuilder.swift */; };
		3D1681C321BC45A0007ABC72 /* FavouritesListBuilder.swift in Sources */ = {isa = PBXBuildFile; fileRef = 3D1681C221BC45A0007ABC72 /* FavouritesListBuilder.swift */; };
		3D1681C521BC45B8007ABC72 /* PlaceDetailBuilder.swift in Sources */ = {isa = PBXBuildFile; fileRef = 3D1681C421BC45B8007ABC72 /* PlaceDetailBuilder.swift */; };
		3D1681C721BC45C3007ABC72 /* SettingsBuilder.swift in Sources */ = {isa = PBXBuildFile; fileRef = 3D1681C621BC45C3007ABC72 /* SettingsBuilder.swift */; };
		3D26930521CACD68000038F0 /* FavouritesManager.swift in Sources */ = {isa = PBXBuildFile; fileRef = 3D26930421CACD68000038F0 /* FavouritesManager.swift */; };
		3D29629E21C193B50075B363 /* DatabaseManager.swift in Sources */ = {isa = PBXBuildFile; fileRef = 3D29629D21C193B50075B363 /* DatabaseManager.swift */; };
		3D2FD00C21E902E400D18BF5 /* FilterTableViewCell.swift in Sources */ = {isa = PBXBuildFile; fileRef = 3D2FD00A21E902E400D18BF5 /* FilterTableViewCell.swift */; };
		3D2FD00D21E902E400D18BF5 /* FilterTableViewCell.xib in Resources */ = {isa = PBXBuildFile; fileRef = 3D2FD00B21E902E400D18BF5 /* FilterTableViewCell.xib */; };
		3D2FEC4621CE8D690088B42C /* FavouriteCollectionViewCell.swift in Sources */ = {isa = PBXBuildFile; fileRef = 3D2FEC4421CE8D690088B42C /* FavouriteCollectionViewCell.swift */; };
		3D2FEC4721CE8D690088B42C /* FavouriteCollectionViewCell.xib in Resources */ = {isa = PBXBuildFile; fileRef = 3D2FEC4521CE8D690088B42C /* FavouriteCollectionViewCell.xib */; };
		3D37D2CD21B0203C002F7467 /* Constants.swift in Sources */ = {isa = PBXBuildFile; fileRef = 3D37D2CC21B0203C002F7467 /* Constants.swift */; };
		3D409DDE21B992BA0001BBF0 /* PlacesManager.swift in Sources */ = {isa = PBXBuildFile; fileRef = 3D409DDD21B992BA0001BBF0 /* PlacesManager.swift */; };
		3D409DE121B99AF60001BBF0 /* TabBarViewController.swift in Sources */ = {isa = PBXBuildFile; fileRef = 3D409DDF21B99AF60001BBF0 /* TabBarViewController.swift */; };
		3D409DE821B99B730001BBF0 /* SettingsViewController.swift in Sources */ = {isa = PBXBuildFile; fileRef = 3D409DE621B99B730001BBF0 /* SettingsViewController.swift */; };
		3D409DE921B99B730001BBF0 /* SettingsViewController.xib in Resources */ = {isa = PBXBuildFile; fileRef = 3D409DE721B99B730001BBF0 /* SettingsViewController.xib */; };
		3D409DED21B99B990001BBF0 /* PlacesListViewController.swift in Sources */ = {isa = PBXBuildFile; fileRef = 3D409DEB21B99B990001BBF0 /* PlacesListViewController.swift */; };
		3D409DEE21B99B990001BBF0 /* PlacesListViewController.xib in Resources */ = {isa = PBXBuildFile; fileRef = 3D409DEC21B99B990001BBF0 /* PlacesListViewController.xib */; };
		3D409DF321B99CB70001BBF0 /* FavouritesListViewController.swift in Sources */ = {isa = PBXBuildFile; fileRef = 3D409DF121B99CB70001BBF0 /* FavouritesListViewController.swift */; };
		3D409DF421B99CB70001BBF0 /* FavouritesListViewController.xib in Resources */ = {isa = PBXBuildFile; fileRef = 3D409DF221B99CB70001BBF0 /* FavouritesListViewController.xib */; };
		3D409DF721B99CCD0001BBF0 /* PlaceDetailViewController.swift in Sources */ = {isa = PBXBuildFile; fileRef = 3D409DF521B99CCD0001BBF0 /* PlaceDetailViewController.swift */; };
		3D409DF821B99CCD0001BBF0 /* PlaceDetailViewController.xib in Resources */ = {isa = PBXBuildFile; fileRef = 3D409DF621B99CCD0001BBF0 /* PlaceDetailViewController.xib */; };
		3D409DFA21B9A0BA0001BBF0 /* NotificationsManager.swift in Sources */ = {isa = PBXBuildFile; fileRef = 3D409DF921B9A0BA0001BBF0 /* NotificationsManager.swift */; };
		3D409DFC21B9A9ED0001BBF0 /* Translations-en.json in Resources */ = {isa = PBXBuildFile; fileRef = 3D77E49021B8572D00C0418B /* Translations-en.json */; };
		3D48706B21BD8AA7003090BB /* UIApplication.swift in Sources */ = {isa = PBXBuildFile; fileRef = 3D48706A21BD8AA7003090BB /* UIApplication.swift */; };
		3D5BA32521B932DA00A1D985 /* APIPlace.swift in Sources */ = {isa = PBXBuildFile; fileRef = 3D5BA32421B932DA00A1D985 /* APIPlace.swift */; };
		3D5BA32721B9332700A1D985 /* APIPlaceGeometry.swift in Sources */ = {isa = PBXBuildFile; fileRef = 3D5BA32621B9332700A1D985 /* APIPlaceGeometry.swift */; };
		3D5BA32921B9333700A1D985 /* APIPlaceViewport.swift in Sources */ = {isa = PBXBuildFile; fileRef = 3D5BA32821B9333700A1D985 /* APIPlaceViewport.swift */; };
		3D5BA32B21B9334A00A1D985 /* APIPlaceLocation.swift in Sources */ = {isa = PBXBuildFile; fileRef = 3D5BA32A21B9334A00A1D985 /* APIPlaceLocation.swift */; };
		3D5BA32D21B9335A00A1D985 /* APIPlaceOpeningHours.swift in Sources */ = {isa = PBXBuildFile; fileRef = 3D5BA32C21B9335A00A1D985 /* APIPlaceOpeningHours.swift */; };
		3D5BA32F21B9336900A1D985 /* APIPlacePhoto.swift in Sources */ = {isa = PBXBuildFile; fileRef = 3D5BA32E21B9336900A1D985 /* APIPlacePhoto.swift */; };
		3D5BA33121B9337600A1D985 /* APIPlacePlusCode.swift in Sources */ = {isa = PBXBuildFile; fileRef = 3D5BA33021B9337600A1D985 /* APIPlacePlusCode.swift */; };
		3D5BA33321B934F200A1D985 /* PlaceLocation.swift in Sources */ = {isa = PBXBuildFile; fileRef = 3D5BA33221B934F200A1D985 /* PlaceLocation.swift */; };
		3D5BA33521B939DC00A1D985 /* MainRouter.swift in Sources */ = {isa = PBXBuildFile; fileRef = 3D5BA33421B939DC00A1D985 /* MainRouter.swift */; };
		3D5BA33D21B9516F00A1D985 /* HelveticaNeue.ttc in Resources */ = {isa = PBXBuildFile; fileRef = 3D5BA33C21B9516F00A1D985 /* HelveticaNeue.ttc */; };
		3D8131C921D8DEDE00028B0C /* FiltersViewController.swift in Sources */ = {isa = PBXBuildFile; fileRef = 3D8131C721D8DEDE00028B0C /* FiltersViewController.swift */; };
		3D8131CA21D8DEDE00028B0C /* FiltersViewController.xib in Resources */ = {isa = PBXBuildFile; fileRef = 3D8131C821D8DEDE00028B0C /* FiltersViewController.xib */; };
		3D8131CC21D8E82F00028B0C /* FiltersInterfaces.swift in Sources */ = {isa = PBXBuildFile; fileRef = 3D8131CB21D8E82F00028B0C /* FiltersInterfaces.swift */; };
		3D8131CE21D8E83F00028B0C /* FiltersBuilder.swift in Sources */ = {isa = PBXBuildFile; fileRef = 3D8131CD21D8E83F00028B0C /* FiltersBuilder.swift */; };
		3D8131D021D8E84E00028B0C /* FiltersRouter.swift in Sources */ = {isa = PBXBuildFile; fileRef = 3D8131CF21D8E84E00028B0C /* FiltersRouter.swift */; };
		3D8131D221D8E85C00028B0C /* FiltersPresenter.swift in Sources */ = {isa = PBXBuildFile; fileRef = 3D8131D121D8E85C00028B0C /* FiltersPresenter.swift */; };
		3D8131D421D8E86C00028B0C /* FiltersInteractor.swift in Sources */ = {isa = PBXBuildFile; fileRef = 3D8131D321D8E86C00028B0C /* FiltersInteractor.swift */; };
		3D8131D621D8FA8B00028B0C /* FiltersManager.swift in Sources */ = {isa = PBXBuildFile; fileRef = 3D8131D521D8FA8B00028B0C /* FiltersManager.swift */; };
		3D8131D821D8FDB200028B0C /* Filter.swift in Sources */ = {isa = PBXBuildFile; fileRef = 3D8131D721D8FDB200028B0C /* Filter.swift */; };
		3D94207021AEF13C00569238 /* AppDelegate.swift in Sources */ = {isa = PBXBuildFile; fileRef = 3D94206F21AEF13C00569238 /* AppDelegate.swift */; };
		3D94207821AEF13C00569238 /* Around_Me.xcdatamodeld in Sources */ = {isa = PBXBuildFile; fileRef = 3D94207621AEF13C00569238 /* Around_Me.xcdatamodeld */; };
		3D94207D21AEF13E00569238 /* LaunchScreen.storyboard in Resources */ = {isa = PBXBuildFile; fileRef = 3D94207B21AEF13E00569238 /* LaunchScreen.storyboard */; };
		3D94208821AEF13E00569238 /* Around_MeTests.swift in Sources */ = {isa = PBXBuildFile; fileRef = 3D94208721AEF13E00569238 /* Around_MeTests.swift */; };
		3D94209321AEF13E00569238 /* Around_MeUITests.swift in Sources */ = {isa = PBXBuildFile; fileRef = 3D94209221AEF13E00569238 /* Around_MeUITests.swift */; };
		3D9420A621AEF6FA00569238 /* MainViewController.swift in Sources */ = {isa = PBXBuildFile; fileRef = 3D9420A421AEF6FA00569238 /* MainViewController.swift */; };
		3D9420A721AEF6FA00569238 /* MainViewController.xib in Resources */ = {isa = PBXBuildFile; fileRef = 3D9420A521AEF6FA00569238 /* MainViewController.xib */; };
		3D9420A921AEF70D00569238 /* MainPresenter.swift in Sources */ = {isa = PBXBuildFile; fileRef = 3D9420A821AEF70D00569238 /* MainPresenter.swift */; };
		3D9420AB21AEF71C00569238 /* MainInteractor.swift in Sources */ = {isa = PBXBuildFile; fileRef = 3D9420AA21AEF71C00569238 /* MainInteractor.swift */; };
		3D9420B121AEF7C200569238 /* LocationManager.swift in Sources */ = {isa = PBXBuildFile; fileRef = 3D9420B021AEF7C200569238 /* LocationManager.swift */; };
		3DA14A0221CEBD810099EAC7 /* README.md in Resources */ = {isa = PBXBuildFile; fileRef = 3DA14A0121CEBD800099EAC7 /* README.md */; };
		3DA14A0521CFA6A20099EAC7 /* EmptyResultsView.swift in Sources */ = {isa = PBXBuildFile; fileRef = 3DA14A0321CFA6A20099EAC7 /* EmptyResultsView.swift */; };
		3DA14A0621CFA6A20099EAC7 /* EmptyResultsView.xib in Resources */ = {isa = PBXBuildFile; fileRef = 3DA14A0421CFA6A20099EAC7 /* EmptyResultsView.xib */; };
		3DB0D86F21D1775500AA7F7D /* SettingSectionView.xib in Resources */ = {isa = PBXBuildFile; fileRef = 3DB0D86E21D1775500AA7F7D /* SettingSectionView.xib */; };
		3DDD02FA21EBB24F009019E5 /* BaseBuilder.swift in Sources */ = {isa = PBXBuildFile; fileRef = 3DDD02F921EBB24E009019E5 /* BaseBuilder.swift */; };
		3DED85B821FBC7EF00C4E663 /* PlacesLayout.swift in Sources */ = {isa = PBXBuildFile; fileRef = 3DED85B721FBC7EF00C4E663 /* PlacesLayout.swift */; };
		3DF1A62421AFEB2700A1E8A5 /* Configuration.plist in Resources */ = {isa = PBXBuildFile; fileRef = 3DF1A62321AFEB2700A1E8A5 /* Configuration.plist */; };
		3DF1A62821AFECED00A1E8A5 /* Place.swift in Sources */ = {isa = PBXBuildFile; fileRef = 3DF1A62721AFECED00A1E8A5 /* Place.swift */; };
		3DF1A62A21AFEDFF00A1E8A5 /* ConfigurationManager.swift in Sources */ = {isa = PBXBuildFile; fileRef = 3DF1A62921AFEDFF00A1E8A5 /* ConfigurationManager.swift */; };
		3DF1A62C21AFEE1300A1E8A5 /* RemoteDataManager.swift in Sources */ = {isa = PBXBuildFile; fileRef = 3DF1A62B21AFEE1300A1E8A5 /* RemoteDataManager.swift */; };
		3DF3C12421D7EEFE006534D6 /* UIColor.swift in Sources */ = {isa = PBXBuildFile; fileRef = 3DF3C12321D7EEFE006534D6 /* UIColor.swift */; };
		3DFDB13421D6ACBD00B8FDAE /* Translations-ca.json in Resources */ = {isa = PBXBuildFile; fileRef = 3DFDB13321D6ACBC00B8FDAE /* Translations-ca.json */; };
		3DFE536C21BBDF8C00593A0F /* PlaceCollectionViewCell.swift in Sources */ = {isa = PBXBuildFile; fileRef = 3DFE536A21BBDF8C00593A0F /* PlaceCollectionViewCell.swift */; };
		3DFE536D21BBDF8C00593A0F /* PlaceCollectionViewCell.xib in Resources */ = {isa = PBXBuildFile; fileRef = 3DFE536B21BBDF8C00593A0F /* PlaceCollectionViewCell.xib */; };
		6F44197D2C93561F09701E92 /* Pods_Around_Me.framework in Frameworks */ = {isa = PBXBuildFile; fileRef = D7F18F9FA3F2AE2F959BAFD6 /* Pods_Around_Me.framework */; };
		A861A7F75D65E8C34F647086 /* Pods_Around_MeUITests.framework in Frameworks */ = {isa = PBXBuildFile; fileRef = F9778182ECACEE80FB008482 /* Pods_Around_MeUITests.framework */; };
/* End PBXBuildFile section */

/* Begin PBXContainerItemProxy section */
		3D94208421AEF13E00569238 /* PBXContainerItemProxy */ = {
			isa = PBXContainerItemProxy;
			containerPortal = 3D94206421AEF13C00569238 /* Project object */;
			proxyType = 1;
			remoteGlobalIDString = 3D94206B21AEF13C00569238;
			remoteInfo = "Around Me";
		};
		3D94208F21AEF13E00569238 /* PBXContainerItemProxy */ = {
			isa = PBXContainerItemProxy;
			containerPortal = 3D94206421AEF13C00569238 /* Project object */;
			proxyType = 1;
			remoteGlobalIDString = 3D94206B21AEF13C00569238;
			remoteInfo = "Around Me";
		};
/* End PBXContainerItemProxy section */

/* Begin PBXFileReference section */
		2622EC7AA881ADB45B357F62 /* Pods_Around_MeTests.framework */ = {isa = PBXFileReference; explicitFileType = wrapper.framework; includeInIndex = 0; path = Pods_Around_MeTests.framework; sourceTree = BUILT_PRODUCTS_DIR; };
		36DD0EC90025C79DA5EB7730 /* Pods-Around MeTests.release.xcconfig */ = {isa = PBXFileReference; includeInIndex = 1; lastKnownFileType = text.xcconfig; name = "Pods-Around MeTests.release.xcconfig"; path = "Pods/Target Support Files/Pods-Around MeTests/Pods-Around MeTests.release.xcconfig"; sourceTree = "<group>"; };
		3D06444621B306580088AB2C /* APIPlaces.swift */ = {isa = PBXFileReference; lastKnownFileType = sourcecode.swift; path = APIPlaces.swift; sourceTree = "<group>"; };
		3D079D8C21BD201300330B2B /* MainInterfaces.swift */ = {isa = PBXFileReference; lastKnownFileType = sourcecode.swift; path = MainInterfaces.swift; sourceTree = "<group>"; };
		3D079D8E21BD6DA000330B2B /* PlacesListInterfaces.swift */ = {isa = PBXFileReference; lastKnownFileType = sourcecode.swift; path = PlacesListInterfaces.swift; sourceTree = "<group>"; };
		3D079D9021BD6DAD00330B2B /* PlacesListPresenter.swift */ = {isa = PBXFileReference; lastKnownFileType = sourcecode.swift; path = PlacesListPresenter.swift; sourceTree = "<group>"; };
		3D079D9221BD6DB600330B2B /* PlacesListInteractor.swift */ = {isa = PBXFileReference; lastKnownFileType = sourcecode.swift; path = PlacesListInteractor.swift; sourceTree = "<group>"; };
		3D079D9421BD6DBF00330B2B /* PlacesListRouter.swift */ = {isa = PBXFileReference; lastKnownFileType = sourcecode.swift; path = PlacesListRouter.swift; sourceTree = "<group>"; };
		3D079D9621BD730100330B2B /* FavouritesListInterfaces.swift */ = {isa = PBXFileReference; lastKnownFileType = sourcecode.swift; path = FavouritesListInterfaces.swift; sourceTree = "<group>"; };
		3D079D9821BD730E00330B2B /* FavouritesListInteractor.swift */ = {isa = PBXFileReference; lastKnownFileType = sourcecode.swift; path = FavouritesListInteractor.swift; sourceTree = "<group>"; };
		3D079D9A21BD731800330B2B /* FavouritesListRouter.swift */ = {isa = PBXFileReference; lastKnownFileType = sourcecode.swift; path = FavouritesListRouter.swift; sourceTree = "<group>"; };
		3D079D9C21BD734C00330B2B /* FavouritesListPresenter.swift */ = {isa = PBXFileReference; lastKnownFileType = sourcecode.swift; path = FavouritesListPresenter.swift; sourceTree = "<group>"; };
		3D079D9E21BD736400330B2B /* SettingsInterfaces.swift */ = {isa = PBXFileReference; lastKnownFileType = sourcecode.swift; path = SettingsInterfaces.swift; sourceTree = "<group>"; };
		3D079DA021BD737700330B2B /* SettingsInteractor.swift */ = {isa = PBXFileReference; lastKnownFileType = sourcecode.swift; path = SettingsInteractor.swift; sourceTree = "<group>"; };
		3D079DA221BD737E00330B2B /* SettingsPresenter.swift */ = {isa = PBXFileReference; lastKnownFileType = sourcecode.swift; path = SettingsPresenter.swift; sourceTree = "<group>"; };
		3D079DA421BD738600330B2B /* SettingsRouter.swift */ = {isa = PBXFileReference; lastKnownFileType = sourcecode.swift; path = SettingsRouter.swift; sourceTree = "<group>"; };
		3D079DA621BD874F00330B2B /* HUDManager.swift */ = {isa = PBXFileReference; lastKnownFileType = sourcecode.swift; path = HUDManager.swift; sourceTree = "<group>"; };
		3D10FA8521D00B1300227126 /* SettingTableViewCell.swift */ = {isa = PBXFileReference; lastKnownFileType = sourcecode.swift; path = SettingTableViewCell.swift; sourceTree = "<group>"; };
		3D10FA8621D00B1300227126 /* SettingTableViewCell.xib */ = {isa = PBXFileReference; lastKnownFileType = file.xib; path = SettingTableViewCell.xib; sourceTree = "<group>"; };
		3D10FA8921D00B4A00227126 /* SettingSectionView.swift */ = {isa = PBXFileReference; lastKnownFileType = sourcecode.swift; path = SettingSectionView.swift; sourceTree = "<group>"; };
		3D1681AD21BC00FE007ABC72 /* Assets.xcassets */ = {isa = PBXFileReference; lastKnownFileType = folder.assetcatalog; path = Assets.xcassets; sourceTree = "<group>"; };
		3D1681B121BC23ED007ABC72 /* LocalizeManager.swift */ = {isa = PBXFileReference; lastKnownFileType = sourcecode.swift; path = LocalizeManager.swift; sourceTree = "<group>"; };
		3D1681BC21BC39DF007ABC72 /* MainBuilder.swift */ = {isa = PBXFileReference; lastKnownFileType = sourcecode.swift; path = MainBuilder.swift; sourceTree = "<group>"; };
		3D1681BE21BC4569007ABC72 /* TabBarBuilder.swift */ = {isa = PBXFileReference; lastKnownFileType = sourcecode.swift; path = TabBarBuilder.swift; sourceTree = "<group>"; };
		3D1681C021BC457C007ABC72 /* PlacesListBuilder.swift */ = {isa = PBXFileReference; lastKnownFileType = sourcecode.swift; path = PlacesListBuilder.swift; sourceTree = "<group>"; };
		3D1681C221BC45A0007ABC72 /* FavouritesListBuilder.swift */ = {isa = PBXFileReference; lastKnownFileType = sourcecode.swift; path = FavouritesListBuilder.swift; sourceTree = "<group>"; };
		3D1681C421BC45B8007ABC72 /* PlaceDetailBuilder.swift */ = {isa = PBXFileReference; lastKnownFileType = sourcecode.swift; path = PlaceDetailBuilder.swift; sourceTree = "<group>"; };
		3D1681C621BC45C3007ABC72 /* SettingsBuilder.swift */ = {isa = PBXFileReference; lastKnownFileType = sourcecode.swift; path = SettingsBuilder.swift; sourceTree = "<group>"; };
		3D26930421CACD68000038F0 /* FavouritesManager.swift */ = {isa = PBXFileReference; lastKnownFileType = sourcecode.swift; path = FavouritesManager.swift; sourceTree = "<group>"; };
		3D29629D21C193B50075B363 /* DatabaseManager.swift */ = {isa = PBXFileReference; lastKnownFileType = sourcecode.swift; path = DatabaseManager.swift; sourceTree = "<group>"; };
		3D2FD00A21E902E400D18BF5 /* FilterTableViewCell.swift */ = {isa = PBXFileReference; lastKnownFileType = sourcecode.swift; path = FilterTableViewCell.swift; sourceTree = "<group>"; };
		3D2FD00B21E902E400D18BF5 /* FilterTableViewCell.xib */ = {isa = PBXFileReference; lastKnownFileType = file.xib; path = FilterTableViewCell.xib; sourceTree = "<group>"; };
		3D2FEC4421CE8D690088B42C /* FavouriteCollectionViewCell.swift */ = {isa = PBXFileReference; fileEncoding = 4; lastKnownFileType = sourcecode.swift; path = FavouriteCollectionViewCell.swift; sourceTree = "<group>"; };
		3D2FEC4521CE8D690088B42C /* FavouriteCollectionViewCell.xib */ = {isa = PBXFileReference; fileEncoding = 4; lastKnownFileType = file.xib; path = FavouriteCollectionViewCell.xib; sourceTree = "<group>"; };
		3D37D2CC21B0203C002F7467 /* Constants.swift */ = {isa = PBXFileReference; lastKnownFileType = sourcecode.swift; path = Constants.swift; sourceTree = "<group>"; };
		3D409DDD21B992BA0001BBF0 /* PlacesManager.swift */ = {isa = PBXFileReference; lastKnownFileType = sourcecode.swift; path = PlacesManager.swift; sourceTree = "<group>"; };
		3D409DDF21B99AF60001BBF0 /* TabBarViewController.swift */ = {isa = PBXFileReference; lastKnownFileType = sourcecode.swift; path = TabBarViewController.swift; sourceTree = "<group>"; };
		3D409DE621B99B730001BBF0 /* SettingsViewController.swift */ = {isa = PBXFileReference; lastKnownFileType = sourcecode.swift; path = SettingsViewController.swift; sourceTree = "<group>"; };
		3D409DE721B99B730001BBF0 /* SettingsViewController.xib */ = {isa = PBXFileReference; lastKnownFileType = file.xib; path = SettingsViewController.xib; sourceTree = "<group>"; };
		3D409DEB21B99B990001BBF0 /* PlacesListViewController.swift */ = {isa = PBXFileReference; lastKnownFileType = sourcecode.swift; path = PlacesListViewController.swift; sourceTree = "<group>"; };
		3D409DEC21B99B990001BBF0 /* PlacesListViewController.xib */ = {isa = PBXFileReference; lastKnownFileType = file.xib; path = PlacesListViewController.xib; sourceTree = "<group>"; };
		3D409DF121B99CB70001BBF0 /* FavouritesListViewController.swift */ = {isa = PBXFileReference; lastKnownFileType = sourcecode.swift; path = FavouritesListViewController.swift; sourceTree = "<group>"; };
		3D409DF221B99CB70001BBF0 /* FavouritesListViewController.xib */ = {isa = PBXFileReference; lastKnownFileType = file.xib; path = FavouritesListViewController.xib; sourceTree = "<group>"; };
		3D409DF521B99CCD0001BBF0 /* PlaceDetailViewController.swift */ = {isa = PBXFileReference; lastKnownFileType = sourcecode.swift; path = PlaceDetailViewController.swift; sourceTree = "<group>"; };
		3D409DF621B99CCD0001BBF0 /* PlaceDetailViewController.xib */ = {isa = PBXFileReference; lastKnownFileType = file.xib; path = PlaceDetailViewController.xib; sourceTree = "<group>"; };
		3D409DF921B9A0BA0001BBF0 /* NotificationsManager.swift */ = {isa = PBXFileReference; lastKnownFileType = sourcecode.swift; path = NotificationsManager.swift; sourceTree = "<group>"; };
		3D48706A21BD8AA7003090BB /* UIApplication.swift */ = {isa = PBXFileReference; lastKnownFileType = sourcecode.swift; path = UIApplication.swift; sourceTree = "<group>"; };
		3D5BA32421B932DA00A1D985 /* APIPlace.swift */ = {isa = PBXFileReference; lastKnownFileType = sourcecode.swift; path = APIPlace.swift; sourceTree = "<group>"; };
		3D5BA32621B9332700A1D985 /* APIPlaceGeometry.swift */ = {isa = PBXFileReference; lastKnownFileType = sourcecode.swift; path = APIPlaceGeometry.swift; sourceTree = "<group>"; };
		3D5BA32821B9333700A1D985 /* APIPlaceViewport.swift */ = {isa = PBXFileReference; lastKnownFileType = sourcecode.swift; path = APIPlaceViewport.swift; sourceTree = "<group>"; };
		3D5BA32A21B9334A00A1D985 /* APIPlaceLocation.swift */ = {isa = PBXFileReference; lastKnownFileType = sourcecode.swift; path = APIPlaceLocation.swift; sourceTree = "<group>"; };
		3D5BA32C21B9335A00A1D985 /* APIPlaceOpeningHours.swift */ = {isa = PBXFileReference; lastKnownFileType = sourcecode.swift; path = APIPlaceOpeningHours.swift; sourceTree = "<group>"; };
		3D5BA32E21B9336900A1D985 /* APIPlacePhoto.swift */ = {isa = PBXFileReference; lastKnownFileType = sourcecode.swift; path = APIPlacePhoto.swift; sourceTree = "<group>"; };
		3D5BA33021B9337600A1D985 /* APIPlacePlusCode.swift */ = {isa = PBXFileReference; lastKnownFileType = sourcecode.swift; path = APIPlacePlusCode.swift; sourceTree = "<group>"; };
		3D5BA33221B934F200A1D985 /* PlaceLocation.swift */ = {isa = PBXFileReference; lastKnownFileType = sourcecode.swift; path = PlaceLocation.swift; sourceTree = "<group>"; };
		3D5BA33421B939DC00A1D985 /* MainRouter.swift */ = {isa = PBXFileReference; lastKnownFileType = sourcecode.swift; path = MainRouter.swift; sourceTree = "<group>"; };
		3D5BA33C21B9516F00A1D985 /* HelveticaNeue.ttc */ = {isa = PBXFileReference; lastKnownFileType = file; path = HelveticaNeue.ttc; sourceTree = "<group>"; };
		3D77E49021B8572D00C0418B /* Translations-en.json */ = {isa = PBXFileReference; fileEncoding = 4; lastKnownFileType = text.json; path = "Translations-en.json"; sourceTree = "<group>"; };
		3D8131C721D8DEDE00028B0C /* FiltersViewController.swift */ = {isa = PBXFileReference; lastKnownFileType = sourcecode.swift; path = FiltersViewController.swift; sourceTree = "<group>"; };
		3D8131C821D8DEDE00028B0C /* FiltersViewController.xib */ = {isa = PBXFileReference; lastKnownFileType = file.xib; path = FiltersViewController.xib; sourceTree = "<group>"; };
		3D8131CB21D8E82F00028B0C /* FiltersInterfaces.swift */ = {isa = PBXFileReference; lastKnownFileType = sourcecode.swift; path = FiltersInterfaces.swift; sourceTree = "<group>"; };
		3D8131CD21D8E83F00028B0C /* FiltersBuilder.swift */ = {isa = PBXFileReference; lastKnownFileType = sourcecode.swift; path = FiltersBuilder.swift; sourceTree = "<group>"; };
		3D8131CF21D8E84E00028B0C /* FiltersRouter.swift */ = {isa = PBXFileReference; lastKnownFileType = sourcecode.swift; path = FiltersRouter.swift; sourceTree = "<group>"; };
		3D8131D121D8E85C00028B0C /* FiltersPresenter.swift */ = {isa = PBXFileReference; lastKnownFileType = sourcecode.swift; path = FiltersPresenter.swift; sourceTree = "<group>"; };
		3D8131D321D8E86C00028B0C /* FiltersInteractor.swift */ = {isa = PBXFileReference; lastKnownFileType = sourcecode.swift; path = FiltersInteractor.swift; sourceTree = "<group>"; };
		3D8131D521D8FA8B00028B0C /* FiltersManager.swift */ = {isa = PBXFileReference; lastKnownFileType = sourcecode.swift; path = FiltersManager.swift; sourceTree = "<group>"; };
		3D8131D721D8FDB200028B0C /* Filter.swift */ = {isa = PBXFileReference; lastKnownFileType = sourcecode.swift; path = Filter.swift; sourceTree = "<group>"; };
		3D94206C21AEF13C00569238 /* Around Me.app */ = {isa = PBXFileReference; explicitFileType = wrapper.application; includeInIndex = 0; path = "Around Me.app"; sourceTree = BUILT_PRODUCTS_DIR; };
		3D94206F21AEF13C00569238 /* AppDelegate.swift */ = {isa = PBXFileReference; lastKnownFileType = sourcecode.swift; path = AppDelegate.swift; sourceTree = "<group>"; };
		3D94207721AEF13C00569238 /* Around_Me.xcdatamodel */ = {isa = PBXFileReference; lastKnownFileType = wrapper.xcdatamodel; path = Around_Me.xcdatamodel; sourceTree = "<group>"; };
		3D94207C21AEF13E00569238 /* Base */ = {isa = PBXFileReference; lastKnownFileType = file.storyboard; name = Base; path = Base.lproj/LaunchScreen.storyboard; sourceTree = "<group>"; };
		3D94207E21AEF13E00569238 /* Info.plist */ = {isa = PBXFileReference; lastKnownFileType = text.plist.xml; path = Info.plist; sourceTree = "<group>"; };
		3D94208321AEF13E00569238 /* Around MeTests.xctest */ = {isa = PBXFileReference; explicitFileType = wrapper.cfbundle; includeInIndex = 0; path = "Around MeTests.xctest"; sourceTree = BUILT_PRODUCTS_DIR; };
		3D94208721AEF13E00569238 /* Around_MeTests.swift */ = {isa = PBXFileReference; lastKnownFileType = sourcecode.swift; path = Around_MeTests.swift; sourceTree = "<group>"; };
		3D94208921AEF13E00569238 /* Info.plist */ = {isa = PBXFileReference; lastKnownFileType = text.plist.xml; path = Info.plist; sourceTree = "<group>"; };
		3D94208E21AEF13E00569238 /* Around MeUITests.xctest */ = {isa = PBXFileReference; explicitFileType = wrapper.cfbundle; includeInIndex = 0; path = "Around MeUITests.xctest"; sourceTree = BUILT_PRODUCTS_DIR; };
		3D94209221AEF13E00569238 /* Around_MeUITests.swift */ = {isa = PBXFileReference; lastKnownFileType = sourcecode.swift; path = Around_MeUITests.swift; sourceTree = "<group>"; };
		3D94209421AEF13E00569238 /* Info.plist */ = {isa = PBXFileReference; lastKnownFileType = text.plist.xml; path = Info.plist; sourceTree = "<group>"; };
		3D9420A421AEF6FA00569238 /* MainViewController.swift */ = {isa = PBXFileReference; lastKnownFileType = sourcecode.swift; path = MainViewController.swift; sourceTree = "<group>"; };
		3D9420A521AEF6FA00569238 /* MainViewController.xib */ = {isa = PBXFileReference; lastKnownFileType = file.xib; path = MainViewController.xib; sourceTree = "<group>"; };
		3D9420A821AEF70D00569238 /* MainPresenter.swift */ = {isa = PBXFileReference; lastKnownFileType = sourcecode.swift; path = MainPresenter.swift; sourceTree = "<group>"; };
		3D9420AA21AEF71C00569238 /* MainInteractor.swift */ = {isa = PBXFileReference; lastKnownFileType = sourcecode.swift; path = MainInteractor.swift; sourceTree = "<group>"; };
		3D9420B021AEF7C200569238 /* LocationManager.swift */ = {isa = PBXFileReference; lastKnownFileType = sourcecode.swift; path = LocationManager.swift; sourceTree = "<group>"; };
		3DA14A0121CEBD800099EAC7 /* README.md */ = {isa = PBXFileReference; fileEncoding = 4; lastKnownFileType = net.daringfireball.markdown; path = README.md; sourceTree = "<group>"; };
		3DA14A0321CFA6A20099EAC7 /* EmptyResultsView.swift */ = {isa = PBXFileReference; lastKnownFileType = sourcecode.swift; path = EmptyResultsView.swift; sourceTree = "<group>"; };
		3DA14A0421CFA6A20099EAC7 /* EmptyResultsView.xib */ = {isa = PBXFileReference; lastKnownFileType = file.xib; path = EmptyResultsView.xib; sourceTree = "<group>"; };
		3DB0D86E21D1775500AA7F7D /* SettingSectionView.xib */ = {isa = PBXFileReference; fileEncoding = 4; lastKnownFileType = file.xib; path = SettingSectionView.xib; sourceTree = "<group>"; };
		3DDD02F921EBB24E009019E5 /* BaseBuilder.swift */ = {isa = PBXFileReference; fileEncoding = 4; lastKnownFileType = sourcecode.swift; path = BaseBuilder.swift; sourceTree = "<group>"; };
		3DED85B721FBC7EF00C4E663 /* PlacesLayout.swift */ = {isa = PBXFileReference; lastKnownFileType = sourcecode.swift; path = PlacesLayout.swift; sourceTree = "<group>"; };
		3DF1A62321AFEB2700A1E8A5 /* Configuration.plist */ = {isa = PBXFileReference; lastKnownFileType = text.plist.xml; path = Configuration.plist; sourceTree = "<group>"; };
		3DF1A62721AFECED00A1E8A5 /* Place.swift */ = {isa = PBXFileReference; lastKnownFileType = sourcecode.swift; path = Place.swift; sourceTree = "<group>"; };
		3DF1A62921AFEDFF00A1E8A5 /* ConfigurationManager.swift */ = {isa = PBXFileReference; lastKnownFileType = sourcecode.swift; path = ConfigurationManager.swift; sourceTree = "<group>"; };
		3DF1A62B21AFEE1300A1E8A5 /* RemoteDataManager.swift */ = {isa = PBXFileReference; lastKnownFileType = sourcecode.swift; path = RemoteDataManager.swift; sourceTree = "<group>"; };
		3DF3C12321D7EEFE006534D6 /* UIColor.swift */ = {isa = PBXFileReference; lastKnownFileType = sourcecode.swift; path = UIColor.swift; sourceTree = "<group>"; };
		3DFDB13321D6ACBC00B8FDAE /* Translations-ca.json */ = {isa = PBXFileReference; fileEncoding = 4; lastKnownFileType = text.json; path = "Translations-ca.json"; sourceTree = "<group>"; };
		3DFE536A21BBDF8C00593A0F /* PlaceCollectionViewCell.swift */ = {isa = PBXFileReference; lastKnownFileType = sourcecode.swift; path = PlaceCollectionViewCell.swift; sourceTree = "<group>"; };
		3DFE536B21BBDF8C00593A0F /* PlaceCollectionViewCell.xib */ = {isa = PBXFileReference; lastKnownFileType = file.xib; path = PlaceCollectionViewCell.xib; sourceTree = "<group>"; };
		58E518021100D723C222DD17 /* Pods-Around MeTests.debug.xcconfig */ = {isa = PBXFileReference; includeInIndex = 1; lastKnownFileType = text.xcconfig; name = "Pods-Around MeTests.debug.xcconfig"; path = "Pods/Target Support Files/Pods-Around MeTests/Pods-Around MeTests.debug.xcconfig"; sourceTree = "<group>"; };
		9345DF0D4217D48A3E318C14 /* Pods-Around Me.debug.xcconfig */ = {isa = PBXFileReference; includeInIndex = 1; lastKnownFileType = text.xcconfig; name = "Pods-Around Me.debug.xcconfig"; path = "Pods/Target Support Files/Pods-Around Me/Pods-Around Me.debug.xcconfig"; sourceTree = "<group>"; };
		BCD3A294C4B89868AA4C6C77 /* Pods-Around MeUITests.debug.xcconfig */ = {isa = PBXFileReference; includeInIndex = 1; lastKnownFileType = text.xcconfig; name = "Pods-Around MeUITests.debug.xcconfig"; path = "Pods/Target Support Files/Pods-Around MeUITests/Pods-Around MeUITests.debug.xcconfig"; sourceTree = "<group>"; };
		D7F18F9FA3F2AE2F959BAFD6 /* Pods_Around_Me.framework */ = {isa = PBXFileReference; explicitFileType = wrapper.framework; includeInIndex = 0; path = Pods_Around_Me.framework; sourceTree = BUILT_PRODUCTS_DIR; };
		E18A04B519D65E220891CBB3 /* Pods-Around Me.release.xcconfig */ = {isa = PBXFileReference; includeInIndex = 1; lastKnownFileType = text.xcconfig; name = "Pods-Around Me.release.xcconfig"; path = "Pods/Target Support Files/Pods-Around Me/Pods-Around Me.release.xcconfig"; sourceTree = "<group>"; };
		F8C4B93445108273119D4800 /* Pods-Around MeUITests.release.xcconfig */ = {isa = PBXFileReference; includeInIndex = 1; lastKnownFileType = text.xcconfig; name = "Pods-Around MeUITests.release.xcconfig"; path = "Pods/Target Support Files/Pods-Around MeUITests/Pods-Around MeUITests.release.xcconfig"; sourceTree = "<group>"; };
		F9778182ECACEE80FB008482 /* Pods_Around_MeUITests.framework */ = {isa = PBXFileReference; explicitFileType = wrapper.framework; includeInIndex = 0; path = Pods_Around_MeUITests.framework; sourceTree = BUILT_PRODUCTS_DIR; };
/* End PBXFileReference section */

/* Begin PBXFrameworksBuildPhase section */
		3D94206921AEF13C00569238 /* Frameworks */ = {
			isa = PBXFrameworksBuildPhase;
			buildActionMask = 2147483647;
			files = (
				6F44197D2C93561F09701E92 /* Pods_Around_Me.framework in Frameworks */,
			);
			runOnlyForDeploymentPostprocessing = 0;
		};
		3D94208021AEF13E00569238 /* Frameworks */ = {
			isa = PBXFrameworksBuildPhase;
			buildActionMask = 2147483647;
			files = (
				2CF6A5A58C22CFF58E679903 /* Pods_Around_MeTests.framework in Frameworks */,
			);
			runOnlyForDeploymentPostprocessing = 0;
		};
		3D94208B21AEF13E00569238 /* Frameworks */ = {
			isa = PBXFrameworksBuildPhase;
			buildActionMask = 2147483647;
			files = (
				A861A7F75D65E8C34F647086 /* Pods_Around_MeUITests.framework in Frameworks */,
			);
			runOnlyForDeploymentPostprocessing = 0;
		};
/* End PBXFrameworksBuildPhase section */

/* Begin PBXGroup section */
		2B4594A8641BA1435C29FDFE /* Pods */ = {
			isa = PBXGroup;
			children = (
				9345DF0D4217D48A3E318C14 /* Pods-Around Me.debug.xcconfig */,
				E18A04B519D65E220891CBB3 /* Pods-Around Me.release.xcconfig */,
				58E518021100D723C222DD17 /* Pods-Around MeTests.debug.xcconfig */,
				36DD0EC90025C79DA5EB7730 /* Pods-Around MeTests.release.xcconfig */,
				BCD3A294C4B89868AA4C6C77 /* Pods-Around MeUITests.debug.xcconfig */,
				F8C4B93445108273119D4800 /* Pods-Around MeUITests.release.xcconfig */,
			);
			name = Pods;
			sourceTree = "<group>";
		};
		3D06444821B308A10088AB2C /* API */ = {
			isa = PBXGroup;
			children = (
				3D06444621B306580088AB2C /* APIPlaces.swift */,
				3D5BA32421B932DA00A1D985 /* APIPlace.swift */,
				3D5BA32621B9332700A1D985 /* APIPlaceGeometry.swift */,
				3D5BA32821B9333700A1D985 /* APIPlaceViewport.swift */,
				3D5BA32A21B9334A00A1D985 /* APIPlaceLocation.swift */,
				3D5BA32C21B9335A00A1D985 /* APIPlaceOpeningHours.swift */,
				3D5BA32E21B9336900A1D985 /* APIPlacePhoto.swift */,
				3D5BA33021B9337600A1D985 /* APIPlacePlusCode.swift */,
			);
			path = API;
			sourceTree = "<group>";
		};
		3D10FA8021CFF1F300227126 /* Components */ = {
			isa = PBXGroup;
			children = (
				3DED85B421FBC77F00C4E663 /* Layouts */,
				3D10FA8221CFF20400227126 /* Views */,
				3D10FA8121CFF1FF00227126 /* Cells */,
			);
			path = Components;
			sourceTree = "<group>";
		};
		3D10FA8121CFF1FF00227126 /* Cells */ = {
			isa = PBXGroup;
			children = (
				3D10FA8421D00ACF00227126 /* CollectionView */,
				3D10FA8321D00AC300227126 /* TableView */,
			);
			path = Cells;
			sourceTree = "<group>";
		};
		3D10FA8221CFF20400227126 /* Views */ = {
			isa = PBXGroup;
			children = (
				3DA14A0321CFA6A20099EAC7 /* EmptyResultsView.swift */,
				3DA14A0421CFA6A20099EAC7 /* EmptyResultsView.xib */,
			);
			path = Views;
			sourceTree = "<group>";
		};
		3D10FA8321D00AC300227126 /* TableView */ = {
			isa = PBXGroup;
			children = (
				3D2FD00A21E902E400D18BF5 /* FilterTableViewCell.swift */,
				3D2FD00B21E902E400D18BF5 /* FilterTableViewCell.xib */,
				3D10FA8921D00B4A00227126 /* SettingSectionView.swift */,
				3DB0D86E21D1775500AA7F7D /* SettingSectionView.xib */,
				3D10FA8521D00B1300227126 /* SettingTableViewCell.swift */,
				3D10FA8621D00B1300227126 /* SettingTableViewCell.xib */,
			);
			path = TableView;
			sourceTree = "<group>";
		};
		3D10FA8421D00ACF00227126 /* CollectionView */ = {
			isa = PBXGroup;
			children = (
				3D2FEC4421CE8D690088B42C /* FavouriteCollectionViewCell.swift */,
				3D2FEC4521CE8D690088B42C /* FavouriteCollectionViewCell.xib */,
				3DFE536A21BBDF8C00593A0F /* PlaceCollectionViewCell.swift */,
				3DFE536B21BBDF8C00593A0F /* PlaceCollectionViewCell.xib */,
			);
			path = CollectionView;
			sourceTree = "<group>";
		};
		3D26930321CACBC7000038F0 /* Data */ = {
			isa = PBXGroup;
			children = (
				3D29629D21C193B50075B363 /* DatabaseManager.swift */,
				3DF1A62B21AFEE1300A1E8A5 /* RemoteDataManager.swift */,
			);
			path = Data;
			sourceTree = "<group>";
		};
		3D37D2CA21B02015002F7467 /* Misc */ = {
			isa = PBXGroup;
			children = (
				3D37D2CC21B0203C002F7467 /* Constants.swift */,
			);
			path = Misc;
			sourceTree = "<group>";
		};
		3D409DE321B99AFD0001BBF0 /* TabBar */ = {
			isa = PBXGroup;
			children = (
				3D409DDF21B99AF60001BBF0 /* TabBarViewController.swift */,
				3D1681BE21BC4569007ABC72 /* TabBarBuilder.swift */,
			);
			path = TabBar;
			sourceTree = "<group>";
		};
		3D409DE421B99B3C0001BBF0 /* Settings */ = {
			isa = PBXGroup;
			children = (
				3D079D9E21BD736400330B2B /* SettingsInterfaces.swift */,
				3D1681C621BC45C3007ABC72 /* SettingsBuilder.swift */,
				3D409DE721B99B730001BBF0 /* SettingsViewController.xib */,
				3D409DE621B99B730001BBF0 /* SettingsViewController.swift */,
				3D079DA221BD737E00330B2B /* SettingsPresenter.swift */,
				3D079DA021BD737700330B2B /* SettingsInteractor.swift */,
				3D079DA421BD738600330B2B /* SettingsRouter.swift */,
			);
			path = Settings;
			sourceTree = "<group>";
		};
		3D409DE521B99B470001BBF0 /* Places */ = {
			isa = PBXGroup;
			children = (
				3D8131C621D8DEAF00028B0C /* Filters */,
				3D409DEA21B99B860001BBF0 /* List */,
				3D409DEF21B99C7B0001BBF0 /* Favourites */,
				3D409DF021B99C850001BBF0 /* Detail */,
			);
			path = Places;
			sourceTree = "<group>";
		};
		3D409DEA21B99B860001BBF0 /* List */ = {
			isa = PBXGroup;
			children = (
				3D079D8E21BD6DA000330B2B /* PlacesListInterfaces.swift */,
				3D1681C021BC457C007ABC72 /* PlacesListBuilder.swift */,
				3D409DEC21B99B990001BBF0 /* PlacesListViewController.xib */,
				3D409DEB21B99B990001BBF0 /* PlacesListViewController.swift */,
				3D079D9021BD6DAD00330B2B /* PlacesListPresenter.swift */,
				3D079D9221BD6DB600330B2B /* PlacesListInteractor.swift */,
				3D079D9421BD6DBF00330B2B /* PlacesListRouter.swift */,
			);
			path = List;
			sourceTree = "<group>";
		};
		3D409DEF21B99C7B0001BBF0 /* Favourites */ = {
			isa = PBXGroup;
			children = (
				3D079D9621BD730100330B2B /* FavouritesListInterfaces.swift */,
				3D1681C221BC45A0007ABC72 /* FavouritesListBuilder.swift */,
				3D409DF221B99CB70001BBF0 /* FavouritesListViewController.xib */,
				3D409DF121B99CB70001BBF0 /* FavouritesListViewController.swift */,
				3D079D9C21BD734C00330B2B /* FavouritesListPresenter.swift */,
				3D079D9821BD730E00330B2B /* FavouritesListInteractor.swift */,
				3D079D9A21BD731800330B2B /* FavouritesListRouter.swift */,
			);
			path = Favourites;
			sourceTree = "<group>";
		};
		3D409DF021B99C850001BBF0 /* Detail */ = {
			isa = PBXGroup;
			children = (
				3D409DF621B99CCD0001BBF0 /* PlaceDetailViewController.xib */,
				3D409DF521B99CCD0001BBF0 /* PlaceDetailViewController.swift */,
				3D1681C421BC45B8007ABC72 /* PlaceDetailBuilder.swift */,
			);
			path = Detail;
			sourceTree = "<group>";
		};
		3D48706921BD8A8F003090BB /* Extensions */ = {
			isa = PBXGroup;
			children = (
				3D48706A21BD8AA7003090BB /* UIApplication.swift */,
				3DF3C12321D7EEFE006534D6 /* UIColor.swift */,
			);
			path = Extensions;
			sourceTree = "<group>";
		};
		3D5BA33B21B9515C00A1D985 /* Fonts */ = {
			isa = PBXGroup;
			children = (
				3D5BA33C21B9516F00A1D985 /* HelveticaNeue.ttc */,
			);
			path = Fonts;
			sourceTree = "<group>";
		};
		3D77E48E21B856B400C0418B /* Resources */ = {
			isa = PBXGroup;
			children = (
				3D1681AD21BC00FE007ABC72 /* Assets.xcassets */,
				3D5BA33B21B9515C00A1D985 /* Fonts */,
				3D77E48F21B8570400C0418B /* Translations */,
				3DF1A62321AFEB2700A1E8A5 /* Configuration.plist */,
			);
			path = Resources;
			sourceTree = "<group>";
		};
		3D77E48F21B8570400C0418B /* Translations */ = {
			isa = PBXGroup;
			children = (
				3DFDB13321D6ACBC00B8FDAE /* Translations-ca.json */,
				3D77E49021B8572D00C0418B /* Translations-en.json */,
			);
			path = Translations;
			sourceTree = "<group>";
		};
		3D8131C621D8DEAF00028B0C /* Filters */ = {
			isa = PBXGroup;
			children = (
				3D8131CB21D8E82F00028B0C /* FiltersInterfaces.swift */,
				3D8131CD21D8E83F00028B0C /* FiltersBuilder.swift */,
				3D8131C821D8DEDE00028B0C /* FiltersViewController.xib */,
				3D8131C721D8DEDE00028B0C /* FiltersViewController.swift */,
				3D8131D121D8E85C00028B0C /* FiltersPresenter.swift */,
				3D8131D321D8E86C00028B0C /* FiltersInteractor.swift */,
				3D8131CF21D8E84E00028B0C /* FiltersRouter.swift */,
			);
			path = Filters;
			sourceTree = "<group>";
		};
		3D94206321AEF13C00569238 = {
			isa = PBXGroup;
			children = (
				3DA14A0121CEBD800099EAC7 /* README.md */,
				3D94206E21AEF13C00569238 /* Around Me */,
				3D94208621AEF13E00569238 /* Around MeTests */,
				3D94209121AEF13E00569238 /* Around MeUITests */,
				3D94206D21AEF13C00569238 /* Products */,
				2B4594A8641BA1435C29FDFE /* Pods */,
				BCC02CB9726DFE58914E40C3 /* Frameworks */,
			);
			sourceTree = "<group>";
		};
		3D94206D21AEF13C00569238 /* Products */ = {
			isa = PBXGroup;
			children = (
				3D94206C21AEF13C00569238 /* Around Me.app */,
				3D94208321AEF13E00569238 /* Around MeTests.xctest */,
				3D94208E21AEF13E00569238 /* Around MeUITests.xctest */,
			);
			name = Products;
			sourceTree = "<group>";
		};
		3D94206E21AEF13C00569238 /* Around Me */ = {
			isa = PBXGroup;
			children = (
				3DDD02F821EBB24E009019E5 /* Base */,
				3D48706921BD8A8F003090BB /* Extensions */,
				3D9420AF21AEF7B500569238 /* Managers */,
				3DF1A62521AFEC3000A1E8A5 /* Models */,
				3D10FA8021CFF1F300227126 /* Components */,
				3D9420A321AEF6DA00569238 /* Scenes */,
				3D37D2CA21B02015002F7467 /* Misc */,
				3D77E48E21B856B400C0418B /* Resources */,
				3D94206F21AEF13C00569238 /* AppDelegate.swift */,
				3D94207B21AEF13E00569238 /* LaunchScreen.storyboard */,
				3D94207E21AEF13E00569238 /* Info.plist */,
				3D94207621AEF13C00569238 /* Around_Me.xcdatamodeld */,
			);
			path = "Around Me";
			sourceTree = "<group>";
		};
		3D94208621AEF13E00569238 /* Around MeTests */ = {
			isa = PBXGroup;
			children = (
				3D94208721AEF13E00569238 /* Around_MeTests.swift */,
				3D94208921AEF13E00569238 /* Info.plist */,
			);
			path = "Around MeTests";
			sourceTree = "<group>";
		};
		3D94209121AEF13E00569238 /* Around MeUITests */ = {
			isa = PBXGroup;
			children = (
				3D94209221AEF13E00569238 /* Around_MeUITests.swift */,
				3D94209421AEF13E00569238 /* Info.plist */,
			);
			path = "Around MeUITests";
			sourceTree = "<group>";
		};
		3D9420A321AEF6DA00569238 /* Scenes */ = {
			isa = PBXGroup;
			children = (
				3D9420AC21AEF72300569238 /* Main */,
				3D409DE321B99AFD0001BBF0 /* TabBar */,
				3D409DE521B99B470001BBF0 /* Places */,
				3D409DE421B99B3C0001BBF0 /* Settings */,
			);
			path = Scenes;
			sourceTree = "<group>";
		};
		3D9420AC21AEF72300569238 /* Main */ = {
			isa = PBXGroup;
			children = (
				3D079D8C21BD201300330B2B /* MainInterfaces.swift */,
				3D1681BC21BC39DF007ABC72 /* MainBuilder.swift */,
				3D9420A521AEF6FA00569238 /* MainViewController.xib */,
				3D9420A421AEF6FA00569238 /* MainViewController.swift */,
				3D9420A821AEF70D00569238 /* MainPresenter.swift */,
				3D9420AA21AEF71C00569238 /* MainInteractor.swift */,
				3D5BA33421B939DC00A1D985 /* MainRouter.swift */,
			);
			path = Main;
			sourceTree = "<group>";
		};
		3D9420AF21AEF7B500569238 /* Managers */ = {
			isa = PBXGroup;
			children = (
				3D26930321CACBC7000038F0 /* Data */,
				3DF1A62921AFEDFF00A1E8A5 /* ConfigurationManager.swift */,
				3D26930421CACD68000038F0 /* FavouritesManager.swift */,
				3D8131D521D8FA8B00028B0C /* FiltersManager.swift */,
				3D079DA621BD874F00330B2B /* HUDManager.swift */,
				3D1681B121BC23ED007ABC72 /* LocalizeManager.swift */,
				3D9420B021AEF7C200569238 /* LocationManager.swift */,
				3D409DF921B9A0BA0001BBF0 /* NotificationsManager.swift */,
				3D409DDD21B992BA0001BBF0 /* PlacesManager.swift */,
			);
			path = Managers;
			sourceTree = "<group>";
		};
		3DDD02F821EBB24E009019E5 /* Base */ = {
			isa = PBXGroup;
			children = (
				3DDD02F921EBB24E009019E5 /* BaseBuilder.swift */,
			);
			path = Base;
			sourceTree = "<group>";
		};
		3DED85B421FBC77F00C4E663 /* Layouts */ = {
			isa = PBXGroup;
			children = (
				3DED85B721FBC7EF00C4E663 /* PlacesLayout.swift */,
			);
			path = Layouts;
			sourceTree = "<group>";
		};
		3DF1A62521AFEC3000A1E8A5 /* Models */ = {
			isa = PBXGroup;
			children = (
				3D06444821B308A10088AB2C /* API */,
				3D8131D721D8FDB200028B0C /* Filter.swift */,
				3DF1A62721AFECED00A1E8A5 /* Place.swift */,
				3D5BA33221B934F200A1D985 /* PlaceLocation.swift */,
			);
			path = Models;
			sourceTree = "<group>";
		};
		BCC02CB9726DFE58914E40C3 /* Frameworks */ = {
			isa = PBXGroup;
			children = (
				D7F18F9FA3F2AE2F959BAFD6 /* Pods_Around_Me.framework */,
				2622EC7AA881ADB45B357F62 /* Pods_Around_MeTests.framework */,
				F9778182ECACEE80FB008482 /* Pods_Around_MeUITests.framework */,
			);
			name = Frameworks;
			sourceTree = "<group>";
		};
/* End PBXGroup section */

/* Begin PBXNativeTarget section */
		3D94206B21AEF13C00569238 /* Around Me */ = {
			isa = PBXNativeTarget;
			buildConfigurationList = 3D94209721AEF13E00569238 /* Build configuration list for PBXNativeTarget "Around Me" */;
			buildPhases = (
				7C281CC19DFBB012FC49BC54 /* [CP] Check Pods Manifest.lock */,
				3D94206821AEF13C00569238 /* Sources */,
				3D94206921AEF13C00569238 /* Frameworks */,
				3D94206A21AEF13C00569238 /* Resources */,
				D357A0E175E58068B603C2C5 /* [CP] Embed Pods Frameworks */,
			);
			buildRules = (
			);
			dependencies = (
			);
			name = "Around Me";
			productName = "Around Me";
			productReference = 3D94206C21AEF13C00569238 /* Around Me.app */;
			productType = "com.apple.product-type.application";
		};
		3D94208221AEF13E00569238 /* Around MeTests */ = {
			isa = PBXNativeTarget;
			buildConfigurationList = 3D94209A21AEF13E00569238 /* Build configuration list for PBXNativeTarget "Around MeTests" */;
			buildPhases = (
				15BD3B92327899894B8472B0 /* [CP] Check Pods Manifest.lock */,
				3D94207F21AEF13E00569238 /* Sources */,
				3D94208021AEF13E00569238 /* Frameworks */,
				3D94208121AEF13E00569238 /* Resources */,
			);
			buildRules = (
			);
			dependencies = (
				3D94208521AEF13E00569238 /* PBXTargetDependency */,
			);
			name = "Around MeTests";
			productName = "Around MeTests";
			productReference = 3D94208321AEF13E00569238 /* Around MeTests.xctest */;
			productType = "com.apple.product-type.bundle.unit-test";
		};
		3D94208D21AEF13E00569238 /* Around MeUITests */ = {
			isa = PBXNativeTarget;
			buildConfigurationList = 3D94209D21AEF13E00569238 /* Build configuration list for PBXNativeTarget "Around MeUITests" */;
			buildPhases = (
				1F102B4062FB930FD15AF086 /* [CP] Check Pods Manifest.lock */,
				3D94208A21AEF13E00569238 /* Sources */,
				3D94208B21AEF13E00569238 /* Frameworks */,
				3D94208C21AEF13E00569238 /* Resources */,
			);
			buildRules = (
			);
			dependencies = (
				3D94209021AEF13E00569238 /* PBXTargetDependency */,
			);
			name = "Around MeUITests";
			productName = "Around MeUITests";
			productReference = 3D94208E21AEF13E00569238 /* Around MeUITests.xctest */;
			productType = "com.apple.product-type.bundle.ui-testing";
		};
/* End PBXNativeTarget section */

/* Begin PBXProject section */
		3D94206421AEF13C00569238 /* Project object */ = {
			isa = PBXProject;
			attributes = {
				LastSwiftUpdateCheck = 0930;
				LastUpgradeCheck = 0930;
				ORGANIZATIONNAME = "Miquel Masip";
				TargetAttributes = {
					3D94206B21AEF13C00569238 = {
						CreatedOnToolsVersion = 9.3;
						SystemCapabilities = {
							com.apple.Maps.iOS = {
								enabled = 0;
							};
						};
					};
					3D94208221AEF13E00569238 = {
						CreatedOnToolsVersion = 9.3;
						TestTargetID = 3D94206B21AEF13C00569238;
					};
					3D94208D21AEF13E00569238 = {
						CreatedOnToolsVersion = 9.3;
						TestTargetID = 3D94206B21AEF13C00569238;
					};
				};
			};
			buildConfigurationList = 3D94206721AEF13C00569238 /* Build configuration list for PBXProject "Around Me" */;
			compatibilityVersion = "Xcode 9.3";
			developmentRegion = en;
			hasScannedForEncodings = 0;
			knownRegions = (
				en,
				Base,
			);
			mainGroup = 3D94206321AEF13C00569238;
			productRefGroup = 3D94206D21AEF13C00569238 /* Products */;
			projectDirPath = "";
			projectRoot = "";
			targets = (
				3D94206B21AEF13C00569238 /* Around Me */,
				3D94208221AEF13E00569238 /* Around MeTests */,
				3D94208D21AEF13E00569238 /* Around MeUITests */,
			);
		};
/* End PBXProject section */

/* Begin PBXResourcesBuildPhase section */
		3D94206A21AEF13C00569238 /* Resources */ = {
			isa = PBXResourcesBuildPhase;
			buildActionMask = 2147483647;
			files = (
				3D409DEE21B99B990001BBF0 /* PlacesListViewController.xib in Resources */,
				3D94207D21AEF13E00569238 /* LaunchScreen.storyboard in Resources */,
				3D409DF421B99CB70001BBF0 /* FavouritesListViewController.xib in Resources */,
				3DA14A0621CFA6A20099EAC7 /* EmptyResultsView.xib in Resources */,
				3DF1A62421AFEB2700A1E8A5 /* Configuration.plist in Resources */,
				3DB0D86F21D1775500AA7F7D /* SettingSectionView.xib in Resources */,
				3DA14A0221CEBD810099EAC7 /* README.md in Resources */,
				3D5BA33D21B9516F00A1D985 /* HelveticaNeue.ttc in Resources */,
				3D1681AE21BC00FE007ABC72 /* Assets.xcassets in Resources */,
				3D10FA8821D00B1300227126 /* SettingTableViewCell.xib in Resources */,
				3D409DFC21B9A9ED0001BBF0 /* Translations-en.json in Resources */,
				3D409DF821B99CCD0001BBF0 /* PlaceDetailViewController.xib in Resources */,
				3D2FEC4721CE8D690088B42C /* FavouriteCollectionViewCell.xib in Resources */,
				3D409DE921B99B730001BBF0 /* SettingsViewController.xib in Resources */,
				3DFDB13421D6ACBD00B8FDAE /* Translations-ca.json in Resources */,
				3D9420A721AEF6FA00569238 /* MainViewController.xib in Resources */,
				3D8131CA21D8DEDE00028B0C /* FiltersViewController.xib in Resources */,
				3DFE536D21BBDF8C00593A0F /* PlaceCollectionViewCell.xib in Resources */,
				3D2FD00D21E902E400D18BF5 /* FilterTableViewCell.xib in Resources */,
			);
			runOnlyForDeploymentPostprocessing = 0;
		};
		3D94208121AEF13E00569238 /* Resources */ = {
			isa = PBXResourcesBuildPhase;
			buildActionMask = 2147483647;
			files = (
			);
			runOnlyForDeploymentPostprocessing = 0;
		};
		3D94208C21AEF13E00569238 /* Resources */ = {
			isa = PBXResourcesBuildPhase;
			buildActionMask = 2147483647;
			files = (
			);
			runOnlyForDeploymentPostprocessing = 0;
		};
/* End PBXResourcesBuildPhase section */

/* Begin PBXShellScriptBuildPhase section */
		15BD3B92327899894B8472B0 /* [CP] Check Pods Manifest.lock */ = {
			isa = PBXShellScriptBuildPhase;
			buildActionMask = 2147483647;
			files = (
			);
			inputPaths = (
				"${PODS_PODFILE_DIR_PATH}/Podfile.lock",
				"${PODS_ROOT}/Manifest.lock",
			);
			name = "[CP] Check Pods Manifest.lock";
			outputPaths = (
				"$(DERIVED_FILE_DIR)/Pods-Around MeTests-checkManifestLockResult.txt",
			);
			runOnlyForDeploymentPostprocessing = 0;
			shellPath = /bin/sh;
			shellScript = "diff \"${PODS_PODFILE_DIR_PATH}/Podfile.lock\" \"${PODS_ROOT}/Manifest.lock\" > /dev/null\nif [ $? != 0 ] ; then\n    # print error to STDERR\n    echo \"error: The sandbox is not in sync with the Podfile.lock. Run 'pod install' or update your CocoaPods installation.\" >&2\n    exit 1\nfi\n# This output is used by Xcode 'outputs' to avoid re-running this script phase.\necho \"SUCCESS\" > \"${SCRIPT_OUTPUT_FILE_0}\"\n";
			showEnvVarsInLog = 0;
		};
		1F102B4062FB930FD15AF086 /* [CP] Check Pods Manifest.lock */ = {
			isa = PBXShellScriptBuildPhase;
			buildActionMask = 2147483647;
			files = (
			);
			inputPaths = (
				"${PODS_PODFILE_DIR_PATH}/Podfile.lock",
				"${PODS_ROOT}/Manifest.lock",
			);
			name = "[CP] Check Pods Manifest.lock";
			outputPaths = (
				"$(DERIVED_FILE_DIR)/Pods-Around MeUITests-checkManifestLockResult.txt",
			);
			runOnlyForDeploymentPostprocessing = 0;
			shellPath = /bin/sh;
			shellScript = "diff \"${PODS_PODFILE_DIR_PATH}/Podfile.lock\" \"${PODS_ROOT}/Manifest.lock\" > /dev/null\nif [ $? != 0 ] ; then\n    # print error to STDERR\n    echo \"error: The sandbox is not in sync with the Podfile.lock. Run 'pod install' or update your CocoaPods installation.\" >&2\n    exit 1\nfi\n# This output is used by Xcode 'outputs' to avoid re-running this script phase.\necho \"SUCCESS\" > \"${SCRIPT_OUTPUT_FILE_0}\"\n";
			showEnvVarsInLog = 0;
		};
		7C281CC19DFBB012FC49BC54 /* [CP] Check Pods Manifest.lock */ = {
			isa = PBXShellScriptBuildPhase;
			buildActionMask = 2147483647;
			files = (
			);
			inputPaths = (
				"${PODS_PODFILE_DIR_PATH}/Podfile.lock",
				"${PODS_ROOT}/Manifest.lock",
			);
			name = "[CP] Check Pods Manifest.lock";
			outputPaths = (
				"$(DERIVED_FILE_DIR)/Pods-Around Me-checkManifestLockResult.txt",
			);
			runOnlyForDeploymentPostprocessing = 0;
			shellPath = /bin/sh;
			shellScript = "diff \"${PODS_PODFILE_DIR_PATH}/Podfile.lock\" \"${PODS_ROOT}/Manifest.lock\" > /dev/null\nif [ $? != 0 ] ; then\n    # print error to STDERR\n    echo \"error: The sandbox is not in sync with the Podfile.lock. Run 'pod install' or update your CocoaPods installation.\" >&2\n    exit 1\nfi\n# This output is used by Xcode 'outputs' to avoid re-running this script phase.\necho \"SUCCESS\" > \"${SCRIPT_OUTPUT_FILE_0}\"\n";
			showEnvVarsInLog = 0;
		};
		D357A0E175E58068B603C2C5 /* [CP] Embed Pods Frameworks */ = {
			isa = PBXShellScriptBuildPhase;
			buildActionMask = 2147483647;
			files = (
			);
			inputPaths = (
				"${SRCROOT}/Pods/Target Support Files/Pods-Around Me/Pods-Around Me-frameworks.sh",
				"${BUILT_PRODUCTS_DIR}/Alamofire/Alamofire.framework",
				"${BUILT_PRODUCTS_DIR}/AlamofireImage/AlamofireImage.framework",
				"${BUILT_PRODUCTS_DIR}/Localize/Localize.framework",
				"${BUILT_PRODUCTS_DIR}/MBProgressHUD/MBProgressHUD.framework",
				"${BUILT_PRODUCTS_DIR}/ObjectMapper/ObjectMapper.framework",
			);
			name = "[CP] Embed Pods Frameworks";
			outputPaths = (
				"${TARGET_BUILD_DIR}/${FRAMEWORKS_FOLDER_PATH}/Alamofire.framework",
				"${TARGET_BUILD_DIR}/${FRAMEWORKS_FOLDER_PATH}/AlamofireImage.framework",
				"${TARGET_BUILD_DIR}/${FRAMEWORKS_FOLDER_PATH}/Localize.framework",
				"${TARGET_BUILD_DIR}/${FRAMEWORKS_FOLDER_PATH}/MBProgressHUD.framework",
				"${TARGET_BUILD_DIR}/${FRAMEWORKS_FOLDER_PATH}/ObjectMapper.framework",
			);
			runOnlyForDeploymentPostprocessing = 0;
			shellPath = /bin/sh;
			shellScript = "\"${SRCROOT}/Pods/Target Support Files/Pods-Around Me/Pods-Around Me-frameworks.sh\"\n";
			showEnvVarsInLog = 0;
		};
/* End PBXShellScriptBuildPhase section */

/* Begin PBXSourcesBuildPhase section */
		3D94206821AEF13C00569238 /* Sources */ = {
			isa = PBXSourcesBuildPhase;
			buildActionMask = 2147483647;
			files = (
				3D409DF721B99CCD0001BBF0 /* PlaceDetailViewController.swift in Sources */,
				3D5BA32521B932DA00A1D985 /* APIPlace.swift in Sources */,
				3D079D9B21BD731800330B2B /* FavouritesListRouter.swift in Sources */,
				3D1681C721BC45C3007ABC72 /* SettingsBuilder.swift in Sources */,
				3DF1A62A21AFEDFF00A1E8A5 /* ConfigurationManager.swift in Sources */,
				3D8131C921D8DEDE00028B0C /* FiltersViewController.swift in Sources */,
				3D8131D621D8FA8B00028B0C /* FiltersManager.swift in Sources */,
				3D079D8F21BD6DA000330B2B /* PlacesListInterfaces.swift in Sources */,
				3D8131CC21D8E82F00028B0C /* FiltersInterfaces.swift in Sources */,
				3D9420A921AEF70D00569238 /* MainPresenter.swift in Sources */,
				3D1681B221BC23ED007ABC72 /* LocalizeManager.swift in Sources */,
				3D079D9F21BD736400330B2B /* SettingsInterfaces.swift in Sources */,
				3D079D9321BD6DB600330B2B /* PlacesListInteractor.swift in Sources */,
				3D8131D821D8FDB200028B0C /* Filter.swift in Sources */,
				3D8131D021D8E84E00028B0C /* FiltersRouter.swift in Sources */,
				3D1681BF21BC4569007ABC72 /* TabBarBuilder.swift in Sources */,
				3D5BA32921B9333700A1D985 /* APIPlaceViewport.swift in Sources */,
				3D079D9521BD6DBF00330B2B /* PlacesListRouter.swift in Sources */,
				3D5BA33321B934F200A1D985 /* PlaceLocation.swift in Sources */,
				3D06444721B306580088AB2C /* APIPlaces.swift in Sources */,
				3D94207021AEF13C00569238 /* AppDelegate.swift in Sources */,
				3D079D9721BD730100330B2B /* FavouritesListInterfaces.swift in Sources */,
				3D8131CE21D8E83F00028B0C /* FiltersBuilder.swift in Sources */,
				3D48706B21BD8AA7003090BB /* UIApplication.swift in Sources */,
				3D5BA33521B939DC00A1D985 /* MainRouter.swift in Sources */,
				3D079DA521BD738600330B2B /* SettingsRouter.swift in Sources */,
				3D9420B121AEF7C200569238 /* LocationManager.swift in Sources */,
				3D94207821AEF13C00569238 /* Around_Me.xcdatamodeld in Sources */,
				3D5BA32B21B9334A00A1D985 /* APIPlaceLocation.swift in Sources */,
				3D079D9121BD6DAD00330B2B /* PlacesListPresenter.swift in Sources */,
				3D1681C521BC45B8007ABC72 /* PlaceDetailBuilder.swift in Sources */,
				3D5BA33121B9337600A1D985 /* APIPlacePlusCode.swift in Sources */,
				3D5BA32721B9332700A1D985 /* APIPlaceGeometry.swift in Sources */,
				3DF1A62821AFECED00A1E8A5 /* Place.swift in Sources */,
				3D079DA321BD737E00330B2B /* SettingsPresenter.swift in Sources */,
				3D10FA8721D00B1300227126 /* SettingTableViewCell.swift in Sources */,
				3D409DE121B99AF60001BBF0 /* TabBarViewController.swift in Sources */,
				3DED85B821FBC7EF00C4E663 /* PlacesLayout.swift in Sources */,
				3D2FD00C21E902E400D18BF5 /* FilterTableViewCell.swift in Sources */,
				3DF1A62C21AFEE1300A1E8A5 /* RemoteDataManager.swift in Sources */,
				3DF3C12421D7EEFE006534D6 /* UIColor.swift in Sources */,
				3D8131D421D8E86C00028B0C /* FiltersInteractor.swift in Sources */,
				3D079DA121BD737700330B2B /* SettingsInteractor.swift in Sources */,
				3D9420AB21AEF71C00569238 /* MainInteractor.swift in Sources */,
				3D2FEC4621CE8D690088B42C /* FavouriteCollectionViewCell.swift in Sources */,
				3D1681C321BC45A0007ABC72 /* FavouritesListBuilder.swift in Sources */,
				3D409DED21B99B990001BBF0 /* PlacesListViewController.swift in Sources */,
				3D8131D221D8E85C00028B0C /* FiltersPresenter.swift in Sources */,
				3D9420A621AEF6FA00569238 /* MainViewController.swift in Sources */,
				3D1681C121BC457C007ABC72 /* PlacesListBuilder.swift in Sources */,
				3D26930521CACD68000038F0 /* FavouritesManager.swift in Sources */,
				3D5BA32D21B9335A00A1D985 /* APIPlaceOpeningHours.swift in Sources */,
				3D409DFA21B9A0BA0001BBF0 /* NotificationsManager.swift in Sources */,
				3D37D2CD21B0203C002F7467 /* Constants.swift in Sources */,
				3DA14A0521CFA6A20099EAC7 /* EmptyResultsView.swift in Sources */,
				3DDD02FA21EBB24F009019E5 /* BaseBuilder.swift in Sources */,
				3D079D9D21BD734C00330B2B /* FavouritesListPresenter.swift in Sources */,
				3D409DF321B99CB70001BBF0 /* FavouritesListViewController.swift in Sources */,
				3DFE536C21BBDF8C00593A0F /* PlaceCollectionViewCell.swift in Sources */,
				3D10FA8B21D00B4A00227126 /* SettingSectionView.swift in Sources */,
				3D1681BD21BC39DF007ABC72 /* MainBuilder.swift in Sources */,
				3D5BA32F21B9336900A1D985 /* APIPlacePhoto.swift in Sources */,
				3D29629E21C193B50075B363 /* DatabaseManager.swift in Sources */,
				3D079D8D21BD201300330B2B /* MainInterfaces.swift in Sources */,
				3D409DDE21B992BA0001BBF0 /* PlacesManager.swift in Sources */,
				3D079D9921BD730E00330B2B /* FavouritesListInteractor.swift in Sources */,
				3D409DE821B99B730001BBF0 /* SettingsViewController.swift in Sources */,
				3D079DA721BD874F00330B2B /* HUDManager.swift in Sources */,
			);
			runOnlyForDeploymentPostprocessing = 0;
		};
		3D94207F21AEF13E00569238 /* Sources */ = {
			isa = PBXSourcesBuildPhase;
			buildActionMask = 2147483647;
			files = (
				3D94208821AEF13E00569238 /* Around_MeTests.swift in Sources */,
			);
			runOnlyForDeploymentPostprocessing = 0;
		};
		3D94208A21AEF13E00569238 /* Sources */ = {
			isa = PBXSourcesBuildPhase;
			buildActionMask = 2147483647;
			files = (
				3D94209321AEF13E00569238 /* Around_MeUITests.swift in Sources */,
			);
			runOnlyForDeploymentPostprocessing = 0;
		};
/* End PBXSourcesBuildPhase section */

/* Begin PBXTargetDependency section */
		3D94208521AEF13E00569238 /* PBXTargetDependency */ = {
			isa = PBXTargetDependency;
			target = 3D94206B21AEF13C00569238 /* Around Me */;
			targetProxy = 3D94208421AEF13E00569238 /* PBXContainerItemProxy */;
		};
		3D94209021AEF13E00569238 /* PBXTargetDependency */ = {
			isa = PBXTargetDependency;
			target = 3D94206B21AEF13C00569238 /* Around Me */;
			targetProxy = 3D94208F21AEF13E00569238 /* PBXContainerItemProxy */;
		};
/* End PBXTargetDependency section */

/* Begin PBXVariantGroup section */
		3D94207B21AEF13E00569238 /* LaunchScreen.storyboard */ = {
			isa = PBXVariantGroup;
			children = (
				3D94207C21AEF13E00569238 /* Base */,
			);
			name = LaunchScreen.storyboard;
			sourceTree = "<group>";
		};
/* End PBXVariantGroup section */

/* Begin XCBuildConfiguration section */
		3D94209521AEF13E00569238 /* Debug */ = {
			isa = XCBuildConfiguration;
			buildSettings = {
				ALWAYS_SEARCH_USER_PATHS = NO;
				CLANG_ANALYZER_NONNULL = YES;
				CLANG_ANALYZER_NUMBER_OBJECT_CONVERSION = YES_AGGRESSIVE;
				CLANG_CXX_LANGUAGE_STANDARD = "gnu++14";
				CLANG_CXX_LIBRARY = "libc++";
				CLANG_ENABLE_MODULES = YES;
				CLANG_ENABLE_OBJC_ARC = YES;
				CLANG_ENABLE_OBJC_WEAK = YES;
				CLANG_WARN_BLOCK_CAPTURE_AUTORELEASING = YES;
				CLANG_WARN_BOOL_CONVERSION = YES;
				CLANG_WARN_COMMA = YES;
				CLANG_WARN_CONSTANT_CONVERSION = YES;
				CLANG_WARN_DEPRECATED_OBJC_IMPLEMENTATIONS = YES;
				CLANG_WARN_DIRECT_OBJC_ISA_USAGE = YES_ERROR;
				CLANG_WARN_DOCUMENTATION_COMMENTS = YES;
				CLANG_WARN_EMPTY_BODY = YES;
				CLANG_WARN_ENUM_CONVERSION = YES;
				CLANG_WARN_INFINITE_RECURSION = YES;
				CLANG_WARN_INT_CONVERSION = YES;
				CLANG_WARN_NON_LITERAL_NULL_CONVERSION = YES;
				CLANG_WARN_OBJC_IMPLICIT_RETAIN_SELF = YES;
				CLANG_WARN_OBJC_LITERAL_CONVERSION = YES;
				CLANG_WARN_OBJC_ROOT_CLASS = YES_ERROR;
				CLANG_WARN_RANGE_LOOP_ANALYSIS = YES;
				CLANG_WARN_STRICT_PROTOTYPES = YES;
				CLANG_WARN_SUSPICIOUS_MOVE = YES;
				CLANG_WARN_UNGUARDED_AVAILABILITY = YES_AGGRESSIVE;
				CLANG_WARN_UNREACHABLE_CODE = YES;
				CLANG_WARN__DUPLICATE_METHOD_MATCH = YES;
				CODE_SIGN_IDENTITY = "iPhone Developer";
				COPY_PHASE_STRIP = NO;
				DEBUG_INFORMATION_FORMAT = dwarf;
				ENABLE_STRICT_OBJC_MSGSEND = YES;
				ENABLE_TESTABILITY = YES;
				GCC_C_LANGUAGE_STANDARD = gnu11;
				GCC_DYNAMIC_NO_PIC = NO;
				GCC_NO_COMMON_BLOCKS = YES;
				GCC_OPTIMIZATION_LEVEL = 0;
				GCC_PREPROCESSOR_DEFINITIONS = (
					"DEBUG=1",
					"$(inherited)",
				);
				GCC_WARN_64_TO_32_BIT_CONVERSION = YES;
				GCC_WARN_ABOUT_RETURN_TYPE = YES_ERROR;
				GCC_WARN_UNDECLARED_SELECTOR = YES;
				GCC_WARN_UNINITIALIZED_AUTOS = YES_AGGRESSIVE;
				GCC_WARN_UNUSED_FUNCTION = YES;
				GCC_WARN_UNUSED_VARIABLE = YES;
				IPHONEOS_DEPLOYMENT_TARGET = 10.0;
				MTL_ENABLE_DEBUG_INFO = YES;
				ONLY_ACTIVE_ARCH = YES;
				SDKROOT = iphoneos;
				SWIFT_ACTIVE_COMPILATION_CONDITIONS = DEBUG;
				SWIFT_OPTIMIZATION_LEVEL = "-Onone";
			};
			name = Debug;
		};
		3D94209621AEF13E00569238 /* Release */ = {
			isa = XCBuildConfiguration;
			buildSettings = {
				ALWAYS_SEARCH_USER_PATHS = NO;
				CLANG_ANALYZER_NONNULL = YES;
				CLANG_ANALYZER_NUMBER_OBJECT_CONVERSION = YES_AGGRESSIVE;
				CLANG_CXX_LANGUAGE_STANDARD = "gnu++14";
				CLANG_CXX_LIBRARY = "libc++";
				CLANG_ENABLE_MODULES = YES;
				CLANG_ENABLE_OBJC_ARC = YES;
				CLANG_ENABLE_OBJC_WEAK = YES;
				CLANG_WARN_BLOCK_CAPTURE_AUTORELEASING = YES;
				CLANG_WARN_BOOL_CONVERSION = YES;
				CLANG_WARN_COMMA = YES;
				CLANG_WARN_CONSTANT_CONVERSION = YES;
				CLANG_WARN_DEPRECATED_OBJC_IMPLEMENTATIONS = YES;
				CLANG_WARN_DIRECT_OBJC_ISA_USAGE = YES_ERROR;
				CLANG_WARN_DOCUMENTATION_COMMENTS = YES;
				CLANG_WARN_EMPTY_BODY = YES;
				CLANG_WARN_ENUM_CONVERSION = YES;
				CLANG_WARN_INFINITE_RECURSION = YES;
				CLANG_WARN_INT_CONVERSION = YES;
				CLANG_WARN_NON_LITERAL_NULL_CONVERSION = YES;
				CLANG_WARN_OBJC_IMPLICIT_RETAIN_SELF = YES;
				CLANG_WARN_OBJC_LITERAL_CONVERSION = YES;
				CLANG_WARN_OBJC_ROOT_CLASS = YES_ERROR;
				CLANG_WARN_RANGE_LOOP_ANALYSIS = YES;
				CLANG_WARN_STRICT_PROTOTYPES = YES;
				CLANG_WARN_SUSPICIOUS_MOVE = YES;
				CLANG_WARN_UNGUARDED_AVAILABILITY = YES_AGGRESSIVE;
				CLANG_WARN_UNREACHABLE_CODE = YES;
				CLANG_WARN__DUPLICATE_METHOD_MATCH = YES;
				CODE_SIGN_IDENTITY = "iPhone Developer";
				COPY_PHASE_STRIP = NO;
				DEBUG_INFORMATION_FORMAT = "dwarf-with-dsym";
				ENABLE_NS_ASSERTIONS = NO;
				ENABLE_STRICT_OBJC_MSGSEND = YES;
				GCC_C_LANGUAGE_STANDARD = gnu11;
				GCC_NO_COMMON_BLOCKS = YES;
				GCC_WARN_64_TO_32_BIT_CONVERSION = YES;
				GCC_WARN_ABOUT_RETURN_TYPE = YES_ERROR;
				GCC_WARN_UNDECLARED_SELECTOR = YES;
				GCC_WARN_UNINITIALIZED_AUTOS = YES_AGGRESSIVE;
				GCC_WARN_UNUSED_FUNCTION = YES;
				GCC_WARN_UNUSED_VARIABLE = YES;
				IPHONEOS_DEPLOYMENT_TARGET = 10.0;
				MTL_ENABLE_DEBUG_INFO = NO;
				SDKROOT = iphoneos;
				SWIFT_COMPILATION_MODE = wholemodule;
				SWIFT_OPTIMIZATION_LEVEL = "-O";
				VALIDATE_PRODUCT = YES;
			};
			name = Release;
		};
		3D94209821AEF13E00569238 /* Debug */ = {
			isa = XCBuildConfiguration;
			baseConfigurationReference = 9345DF0D4217D48A3E318C14 /* Pods-Around Me.debug.xcconfig */;
			buildSettings = {
				ASSETCATALOG_COMPILER_APPICON_NAME = AppIcon;
				CODE_SIGN_STYLE = Automatic;
				DEVELOPMENT_TEAM = N2TCNH77KW;
				INFOPLIST_FILE = "Around Me/Info.plist";
				LD_RUNPATH_SEARCH_PATHS = (
					"$(inherited)",
					"@executable_path/Frameworks",
				);
				PRODUCT_BUNDLE_IDENTIFIER = "com.miquelmasip.Around-Me";
				PRODUCT_NAME = "$(TARGET_NAME)";
				SWIFT_VERSION = 4.0;
				TARGETED_DEVICE_FAMILY = "1,2";
			};
			name = Debug;
		};
		3D94209921AEF13E00569238 /* Release */ = {
			isa = XCBuildConfiguration;
			baseConfigurationReference = E18A04B519D65E220891CBB3 /* Pods-Around Me.release.xcconfig */;
			buildSettings = {
				ASSETCATALOG_COMPILER_APPICON_NAME = AppIcon;
				CODE_SIGN_STYLE = Automatic;
				DEVELOPMENT_TEAM = N2TCNH77KW;
				INFOPLIST_FILE = "Around Me/Info.plist";
				LD_RUNPATH_SEARCH_PATHS = (
					"$(inherited)",
					"@executable_path/Frameworks",
				);
				PRODUCT_BUNDLE_IDENTIFIER = "com.miquelmasip.Around-Me";
				PRODUCT_NAME = "$(TARGET_NAME)";
				SWIFT_VERSION = 4.0;
				TARGETED_DEVICE_FAMILY = "1,2";
			};
			name = Release;
		};
		3D94209B21AEF13E00569238 /* Debug */ = {
			isa = XCBuildConfiguration;
			baseConfigurationReference = 58E518021100D723C222DD17 /* Pods-Around MeTests.debug.xcconfig */;
			buildSettings = {
				ALWAYS_EMBED_SWIFT_STANDARD_LIBRARIES = YES;
				BUNDLE_LOADER = "$(TEST_HOST)";
				CODE_SIGN_STYLE = Automatic;
				DEVELOPMENT_TEAM = N2TCNH77KW;
				INFOPLIST_FILE = "Around MeTests/Info.plist";
				LD_RUNPATH_SEARCH_PATHS = (
					"$(inherited)",
					"@executable_path/Frameworks",
					"@loader_path/Frameworks",
				);
				PRODUCT_BUNDLE_IDENTIFIER = "com.miquelmasip.Around-MeTests";
				PRODUCT_NAME = "$(TARGET_NAME)";
				SWIFT_VERSION = 4.0;
				TARGETED_DEVICE_FAMILY = "1,2";
				TEST_HOST = "$(BUILT_PRODUCTS_DIR)/Around Me.app/Around Me";
			};
			name = Debug;
		};
		3D94209C21AEF13E00569238 /* Release */ = {
			isa = XCBuildConfiguration;
			baseConfigurationReference = 36DD0EC90025C79DA5EB7730 /* Pods-Around MeTests.release.xcconfig */;
			buildSettings = {
				ALWAYS_EMBED_SWIFT_STANDARD_LIBRARIES = YES;
				BUNDLE_LOADER = "$(TEST_HOST)";
				CODE_SIGN_STYLE = Automatic;
				DEVELOPMENT_TEAM = N2TCNH77KW;
				INFOPLIST_FILE = "Around MeTests/Info.plist";
				LD_RUNPATH_SEARCH_PATHS = (
					"$(inherited)",
					"@executable_path/Frameworks",
					"@loader_path/Frameworks",
				);
				PRODUCT_BUNDLE_IDENTIFIER = "com.miquelmasip.Around-MeTests";
				PRODUCT_NAME = "$(TARGET_NAME)";
				SWIFT_VERSION = 4.0;
				TARGETED_DEVICE_FAMILY = "1,2";
				TEST_HOST = "$(BUILT_PRODUCTS_DIR)/Around Me.app/Around Me";
			};
			name = Release;
		};
		3D94209E21AEF13E00569238 /* Debug */ = {
			isa = XCBuildConfiguration;
			baseConfigurationReference = BCD3A294C4B89868AA4C6C77 /* Pods-Around MeUITests.debug.xcconfig */;
			buildSettings = {
				ALWAYS_EMBED_SWIFT_STANDARD_LIBRARIES = YES;
				CODE_SIGN_STYLE = Automatic;
				DEVELOPMENT_TEAM = N2TCNH77KW;
				INFOPLIST_FILE = "Around MeUITests/Info.plist";
				LD_RUNPATH_SEARCH_PATHS = (
					"$(inherited)",
					"@executable_path/Frameworks",
					"@loader_path/Frameworks",
				);
				PRODUCT_BUNDLE_IDENTIFIER = "com.miquelmasip.Around-MeUITests";
				PRODUCT_NAME = "$(TARGET_NAME)";
				SWIFT_VERSION = 4.0;
				TARGETED_DEVICE_FAMILY = "1,2";
				TEST_TARGET_NAME = "Around Me";
			};
			name = Debug;
		};
		3D94209F21AEF13E00569238 /* Release */ = {
			isa = XCBuildConfiguration;
			baseConfigurationReference = F8C4B93445108273119D4800 /* Pods-Around MeUITests.release.xcconfig */;
			buildSettings = {
				ALWAYS_EMBED_SWIFT_STANDARD_LIBRARIES = YES;
				CODE_SIGN_STYLE = Automatic;
				DEVELOPMENT_TEAM = N2TCNH77KW;
				INFOPLIST_FILE = "Around MeUITests/Info.plist";
				LD_RUNPATH_SEARCH_PATHS = (
					"$(inherited)",
					"@executable_path/Frameworks",
					"@loader_path/Frameworks",
				);
				PRODUCT_BUNDLE_IDENTIFIER = "com.miquelmasip.Around-MeUITests";
				PRODUCT_NAME = "$(TARGET_NAME)";
				SWIFT_VERSION = 4.0;
				TARGETED_DEVICE_FAMILY = "1,2";
				TEST_TARGET_NAME = "Around Me";
			};
			name = Release;
		};
/* End XCBuildConfiguration section */

/* Begin XCConfigurationList section */
		3D94206721AEF13C00569238 /* Build configuration list for PBXProject "Around Me" */ = {
			isa = XCConfigurationList;
			buildConfigurations = (
				3D94209521AEF13E00569238 /* Debug */,
				3D94209621AEF13E00569238 /* Release */,
			);
			defaultConfigurationIsVisible = 0;
			defaultConfigurationName = Release;
		};
		3D94209721AEF13E00569238 /* Build configuration list for PBXNativeTarget "Around Me" */ = {
			isa = XCConfigurationList;
			buildConfigurations = (
				3D94209821AEF13E00569238 /* Debug */,
				3D94209921AEF13E00569238 /* Release */,
			);
			defaultConfigurationIsVisible = 0;
			defaultConfigurationName = Release;
		};
		3D94209A21AEF13E00569238 /* Build configuration list for PBXNativeTarget "Around MeTests" */ = {
			isa = XCConfigurationList;
			buildConfigurations = (
				3D94209B21AEF13E00569238 /* Debug */,
				3D94209C21AEF13E00569238 /* Release */,
			);
			defaultConfigurationIsVisible = 0;
			defaultConfigurationName = Release;
		};
		3D94209D21AEF13E00569238 /* Build configuration list for PBXNativeTarget "Around MeUITests" */ = {
			isa = XCConfigurationList;
			buildConfigurations = (
				3D94209E21AEF13E00569238 /* Debug */,
				3D94209F21AEF13E00569238 /* Release */,
			);
			defaultConfigurationIsVisible = 0;
			defaultConfigurationName = Release;
		};
/* End XCConfigurationList section */

/* Begin XCVersionGroup section */
		3D94207621AEF13C00569238 /* Around_Me.xcdatamodeld */ = {
			isa = XCVersionGroup;
			children = (
				3D94207721AEF13C00569238 /* Around_Me.xcdatamodel */,
			);
			currentVersion = 3D94207721AEF13C00569238 /* Around_Me.xcdatamodel */;
			path = Around_Me.xcdatamodeld;
			sourceTree = "<group>";
			versionGroupType = wrapper.xcdatamodel;
		};
/* End XCVersionGroup section */
	};
	rootObject = 3D94206421AEF13C00569238 /* Project object */;
}
